
Microsoft Visual Studio Solution File, Format Version 12.00
# Visual Studio 2013
VisualStudioVersion = 12.0.30501.0
MinimumVisualStudioVersion = 10.0.40219.1
Project("{FAE04EC0-301F-11D3-BF4B-00C04F79EFBC}") = "OhYeah", "OhYeah\OhYeah.csproj", "{E1E01062-01F8-43AA-8905-7D5FEEB51986}"
EndProject
Project("{FAE04EC0-301F-11D3-BF4B-00C04F79EFBC}") = "OhYeah.Background", "OhYeah.Background\OhYeah.Background.csproj", "{9E6002E0-2615-4130-A5C7-70C616E8F0A7}"
EndProject
Project("{FAE04EC0-301F-11D3-BF4B-00C04F79EFBC}") = "OhYeah.Core", "OhYeah.Core\OhYeah.Core.csproj", "{DC23F08F-E52E-4D76-A6CB-D1137BF142C6}"
EndProject
Global
	GlobalSection(SolutionConfigurationPlatforms) = preSolution
		Debug Beta|Any CPU = Debug Beta|Any CPU
		Debug Beta|ARM = Debug Beta|ARM
		Debug Beta|x86 = Debug Beta|x86
		Debug|Any CPU = Debug|Any CPU
		Debug|ARM = Debug|ARM
		Debug|x86 = Debug|x86
		Release Beta|Any CPU = Release Beta|Any CPU
		Release Beta|ARM = Release Beta|ARM
		Release Beta|x86 = Release Beta|x86
		Release|Any CPU = Release|Any CPU
		Release|ARM = Release|ARM
		Release|x86 = Release|x86
	EndGlobalSection
	GlobalSection(ProjectConfigurationPlatforms) = postSolution
		{E1E01062-01F8-43AA-8905-7D5FEEB51986}.Debug Beta|Any CPU.ActiveCfg = Debug Beta|Any CPU
		{E1E01062-01F8-43AA-8905-7D5FEEB51986}.Debug Beta|Any CPU.Build.0 = Debug Beta|Any CPU
		{E1E01062-01F8-43AA-8905-7D5FEEB51986}.Debug Beta|Any CPU.Deploy.0 = Debug Beta|Any CPU
		{E1E01062-01F8-43AA-8905-7D5FEEB51986}.Debug Beta|ARM.ActiveCfg = Debug Beta|ARM
		{E1E01062-01F8-43AA-8905-7D5FEEB51986}.Debug Beta|ARM.Build.0 = Debug Beta|ARM
		{E1E01062-01F8-43AA-8905-7D5FEEB51986}.Debug Beta|ARM.Deploy.0 = Debug Beta|ARM
		{E1E01062-01F8-43AA-8905-7D5FEEB51986}.Debug Beta|x86.ActiveCfg = Debug Beta|x86
		{E1E01062-01F8-43AA-8905-7D5FEEB51986}.Debug Beta|x86.Build.0 = Debug Beta|x86
		{E1E01062-01F8-43AA-8905-7D5FEEB51986}.Debug Beta|x86.Deploy.0 = Debug Beta|x86
		{E1E01062-01F8-43AA-8905-7D5FEEB51986}.Debug|Any CPU.ActiveCfg = Debug|Any CPU
		{E1E01062-01F8-43AA-8905-7D5FEEB51986}.Debug|Any CPU.Build.0 = Debug|Any CPU
		{E1E01062-01F8-43AA-8905-7D5FEEB51986}.Debug|Any CPU.Deploy.0 = Debug|Any CPU
		{E1E01062-01F8-43AA-8905-7D5FEEB51986}.Debug|ARM.ActiveCfg = Debug|ARM
		{E1E01062-01F8-43AA-8905-7D5FEEB51986}.Debug|ARM.Build.0 = Debug|ARM
		{E1E01062-01F8-43AA-8905-7D5FEEB51986}.Debug|ARM.Deploy.0 = Debug|ARM
		{E1E01062-01F8-43AA-8905-7D5FEEB51986}.Debug|x86.ActiveCfg = Debug|x86
		{E1E01062-01F8-43AA-8905-7D5FEEB51986}.Debug|x86.Build.0 = Debug|x86
		{E1E01062-01F8-43AA-8905-7D5FEEB51986}.Debug|x86.Deploy.0 = Debug|x86
		{E1E01062-01F8-43AA-8905-7D5FEEB51986}.Release Beta|Any CPU.ActiveCfg = Release Beta|Any CPU
		{E1E01062-01F8-43AA-8905-7D5FEEB51986}.Release Beta|Any CPU.Build.0 = Release Beta|Any CPU
		{E1E01062-01F8-43AA-8905-7D5FEEB51986}.Release Beta|Any CPU.Deploy.0 = Release Beta|Any CPU
		{E1E01062-01F8-43AA-8905-7D5FEEB51986}.Release Beta|ARM.ActiveCfg = Release Beta|ARM
		{E1E01062-01F8-43AA-8905-7D5FEEB51986}.Release Beta|ARM.Build.0 = Release Beta|ARM
		{E1E01062-01F8-43AA-8905-7D5FEEB51986}.Release Beta|ARM.Deploy.0 = Release Beta|ARM
		{E1E01062-01F8-43AA-8905-7D5FEEB51986}.Release Beta|x86.ActiveCfg = Release Beta|x86
		{E1E01062-01F8-43AA-8905-7D5FEEB51986}.Release Beta|x86.Build.0 = Release Beta|x86
		{E1E01062-01F8-43AA-8905-7D5FEEB51986}.Release Beta|x86.Deploy.0 = Release Beta|x86
		{E1E01062-01F8-43AA-8905-7D5FEEB51986}.Release|Any CPU.ActiveCfg = Release|Any CPU
		{E1E01062-01F8-43AA-8905-7D5FEEB51986}.Release|Any CPU.Build.0 = Release|Any CPU
		{E1E01062-01F8-43AA-8905-7D5FEEB51986}.Release|Any CPU.Deploy.0 = Release|Any CPU
		{E1E01062-01F8-43AA-8905-7D5FEEB51986}.Release|ARM.ActiveCfg = Release|ARM
		{E1E01062-01F8-43AA-8905-7D5FEEB51986}.Release|ARM.Build.0 = Release|ARM
		{E1E01062-01F8-43AA-8905-7D5FEEB51986}.Release|ARM.Deploy.0 = Release|ARM
		{E1E01062-01F8-43AA-8905-7D5FEEB51986}.Release|x86.ActiveCfg = Release|x86
		{E1E01062-01F8-43AA-8905-7D5FEEB51986}.Release|x86.Build.0 = Release|x86
		{E1E01062-01F8-43AA-8905-7D5FEEB51986}.Release|x86.Deploy.0 = Release|x86
		{9E6002E0-2615-4130-A5C7-70C616E8F0A7}.Debug Beta|Any CPU.ActiveCfg = Debug Beta|Any CPU
		{9E6002E0-2615-4130-A5C7-70C616E8F0A7}.Debug Beta|Any CPU.Build.0 = Debug Beta|Any CPU
		{9E6002E0-2615-4130-A5C7-70C616E8F0A7}.Debug Beta|ARM.ActiveCfg = Debug Beta|Any CPU
		{9E6002E0-2615-4130-A5C7-70C616E8F0A7}.Debug Beta|x86.ActiveCfg = Debug Beta|Any CPU
		{9E6002E0-2615-4130-A5C7-70C616E8F0A7}.Debug|Any CPU.ActiveCfg = Debug|Any CPU
		{9E6002E0-2615-4130-A5C7-70C616E8F0A7}.Debug|Any CPU.Build.0 = Debug|Any CPU
		{9E6002E0-2615-4130-A5C7-70C616E8F0A7}.Debug|ARM.ActiveCfg = Debug|Any CPU
		{9E6002E0-2615-4130-A5C7-70C616E8F0A7}.Debug|x86.ActiveCfg = Debug|Any CPU
		{9E6002E0-2615-4130-A5C7-70C616E8F0A7}.Release Beta|Any CPU.ActiveCfg = Release Beta|Any CPU
		{9E6002E0-2615-4130-A5C7-70C616E8F0A7}.Release Beta|Any CPU.Build.0 = Release Beta|Any CPU
		{9E6002E0-2615-4130-A5C7-70C616E8F0A7}.Release Beta|ARM.ActiveCfg = Release Beta|Any CPU
		{9E6002E0-2615-4130-A5C7-70C616E8F0A7}.Release Beta|x86.ActiveCfg = Release Beta|Any CPU
		{9E6002E0-2615-4130-A5C7-70C616E8F0A7}.Release|Any CPU.ActiveCfg = Release|Any CPU
		{9E6002E0-2615-4130-A5C7-70C616E8F0A7}.Release|Any CPU.Build.0 = Release|Any CPU
		{9E6002E0-2615-4130-A5C7-70C616E8F0A7}.Release|ARM.ActiveCfg = Release|Any CPU
		{9E6002E0-2615-4130-A5C7-70C616E8F0A7}.Release|x86.ActiveCfg = Release|Any CPU
		{DC23F08F-E52E-4D76-A6CB-D1137BF142C6}.Debug Beta|Any CPU.ActiveCfg = Debug Beta|Any CPU
		{DC23F08F-E52E-4D76-A6CB-D1137BF142C6}.Debug Beta|Any CPU.Build.0 = Debug Beta|Any CPU
		{DC23F08F-E52E-4D76-A6CB-D1137BF142C6}.Debug Beta|ARM.ActiveCfg = Debug Beta|Any CPU
		{DC23F08F-E52E-4D76-A6CB-D1137BF142C6}.Debug Beta|x86.ActiveCfg = Debug Beta|Any CPU
		{DC23F08F-E52E-4D76-A6CB-D1137BF142C6}.Debug|Any CPU.ActiveCfg = Debug|Any CPU
		{DC23F08F-E52E-4D76-A6CB-D1137BF142C6}.Debug|Any CPU.Build.0 = Debug|Any CPU
		{DC23F08F-E52E-4D76-A6CB-D1137BF142C6}.Debug|ARM.ActiveCfg = Debug|Any CPU
		{DC23F08F-E52E-4D76-A6CB-D1137BF142C6}.Debug|x86.ActiveCfg = Debug|Any CPU
		{DC23F08F-E52E-4D76-A6CB-D1137BF142C6}.Release Beta|Any CPU.ActiveCfg = Release Beta|Any CPU
		{DC23F08F-E52E-4D76-A6CB-D1137BF142C6}.Release Beta|Any CPU.Build.0 = Release Beta|Any CPU
		{DC23F08F-E52E-4D76-A6CB-D1137BF142C6}.Release Beta|ARM.ActiveCfg = Release Beta|Any CPU
		{DC23F08F-E52E-4D76-A6CB-D1137BF142C6}.Release Beta|x86.ActiveCfg = Release Beta|Any CPU
		{DC23F08F-E52E-4D76-A6CB-D1137BF142C6}.Release|Any CPU.ActiveCfg = Release|Any CPU
		{DC23F08F-E52E-4D76-A6CB-D1137BF142C6}.Release|Any CPU.Build.0 = Release|Any CPU
		{DC23F08F-E52E-4D76-A6CB-D1137BF142C6}.Release|ARM.ActiveCfg = Release|Any CPU
		{DC23F08F-E52E-4D76-A6CB-D1137BF142C6}.Release|x86.ActiveCfg = Release|Any CPU
	EndGlobalSection
	GlobalSection(SolutionProperties) = preSolution
		HideSolutionNode = FALSE
	EndGlobalSection
EndGlobal
